
Microsoft Visual Studio Solution File, Format Version 12.00
# Visual Studio 15
Project("{FAE04EC0-301F-11D3-BF4B-00C04F79EFBC}") = "Assembly-CSharp", "Assembly-CSharp.csproj", "{FEC6F998-19D1-4BE9-20E0-4FF6DE295182}"
EndProject
Project("{FAE04EC0-301F-11D3-BF4B-00C04F79EFBC}") = "Meta.Voice.Samples.TTSVoices", "Meta.Voice.Samples.TTSVoices.csproj", "{8357DFE8-B59A-FB59-F8D3-36D21BD6602D}"
EndProject
Global
	GlobalSection(SolutionConfigurationPlatforms) = preSolution
		Debug|Any CPU = Debug|Any CPU
		Release|Any CPU = Release|Any CPU
	EndGlobalSection
	GlobalSection(ProjectConfigurationPlatforms) = postSolution
		{FEC6F998-19D1-4BE9-20E0-4FF6DE295182}.Debug|Any CPU.ActiveCfg = Debug|Any CPU
		{FEC6F998-19D1-4BE9-20E0-4FF6DE295182}.Debug|Any CPU.Build.0 = Debug|Any CPU
		{FEC6F998-19D1-4BE9-20E0-4FF6DE295182}.Release|Any CPU.ActiveCfg = Release|Any CPU
		{FEC6F998-19D1-4BE9-20E0-4FF6DE295182}.Release|Any CPU.Build.0 = Release|Any CPU
		{8357DFE8-B59A-FB59-F8D3-36D21BD6602D}.Debug|Any CPU.ActiveCfg = Debug|Any CPU
		{8357DFE8-B59A-FB59-F8D3-36D21BD6602D}.Debug|Any CPU.Build.0 = Debug|Any CPU
		{8357DFE8-B59A-FB59-F8D3-36D21BD6602D}.Release|Any CPU.ActiveCfg = Release|Any CPU
		{8357DFE8-B59A-FB59-F8D3-36D21BD6602D}.Release|Any CPU.Build.0 = Release|Any CPU
	EndGlobalSection
	GlobalSection(SolutionProperties) = preSolution
		HideSolutionNode = FALSE
	EndGlobalSection
EndGlobal
